
Microsoft Visual Studio Solution File, Format Version 12.00
# Visual Studio Version 17
VisualStudioVersion = 17.3.32901.215
MinimumVisualStudioVersion = 10.0.40219.1
Project("{FAE04EC0-301F-11D3-BF4B-00C04F79EFBC}") = "HHResumeAppend", "HHResumeAppend\HHResumeAppend.csproj", "{80245E98-E82A-43AD-ADBC-217A21869442}"
EndProject
Global
	GlobalSection(SolutionConfigurationPlatforms) = preSolution
		Debug|Any CPU = Debug|Any CPU
		Release|Any CPU = Release|Any CPU
	EndGlobalSection
	GlobalSection(ProjectConfigurationPlatforms) = postSolution
		{80245E98-E82A-43AD-ADBC-217A21869442}.Debug|Any CPU.ActiveCfg = Debug|Any CPU
		{80245E98-E82A-43AD-ADBC-217A21869442}.Debug|Any CPU.Build.0 = Debug|Any CPU
		{80245E98-E82A-43AD-ADBC-217A21869442}.Release|Any CPU.ActiveCfg = Release|Any CPU
		{80245E98-E82A-43AD-ADBC-217A21869442}.Release|Any CPU.Build.0 = Release|Any CPU
	EndGlobalSection
	GlobalSection(SolutionProperties) = preSolution
		HideSolutionNode = FALSE
	EndGlobalSection
	GlobalSection(ExtensibilityGlobals) = postSolution
		SolutionGuid = {412EA5F0-D289-4D85-A36A-BA5BD188B88A}
	EndGlobalSection
EndGlobal
